// !$*UTF8*$!
{
	archiveVersion = 1;
	classes = {
	};
	objectVersion = 50;
	objects = {

/* Begin PBXBuildFile section */
		1C375D7520C4ABEF005ABF2C /* Logo.png in Resources */ = {isa = PBXBuildFile; fileRef = 1C375D7420C4ABEF005ABF2C /* Logo.png */; };
		1C89B4A7208C1C44006C02A0 /* SCNMatrix4Extensions.swift in Sources */ = {isa = PBXBuildFile; fileRef = 1C89B4A6208C1C44006C02A0 /* SCNMatrix4Extensions.swift */; };
		1C89B4A9208C20E2006C02A0 /* SCNVector3Extensions.swift in Sources */ = {isa = PBXBuildFile; fileRef = 1C89B4A8208C20E2006C02A0 /* SCNVector3Extensions.swift */; };
		1C89B4AB208C21C8006C02A0 /* SCNQuaternionExtensions.swift in Sources */ = {isa = PBXBuildFile; fileRef = 1C89B4AA208C21C8006C02A0 /* SCNQuaternionExtensions.swift */; };
		1C89B4AD208C2601006C02A0 /* dartboard.png in Resources */ = {isa = PBXBuildFile; fileRef = 1C89B4AC208C2601006C02A0 /* dartboard.png */; };
		1CEF1791208ADDC4006FF808 /* AppDelegate.swift in Sources */ = {isa = PBXBuildFile; fileRef = 1CEF1790208ADDC4006FF808 /* AppDelegate.swift */; };
		1CEF1793208ADDC4006FF808 /* art.scnassets in Resources */ = {isa = PBXBuildFile; fileRef = 1CEF1792208ADDC4006FF808 /* art.scnassets */; };
		1CEF1795208ADDC4006FF808 /* ViewController.swift in Sources */ = {isa = PBXBuildFile; fileRef = 1CEF1794208ADDC4006FF808 /* ViewController.swift */; };
		1CEF1798208ADDC4006FF808 /* Main.storyboard in Resources */ = {isa = PBXBuildFile; fileRef = 1CEF1796208ADDC4006FF808 /* Main.storyboard */; };
		1CEF179A208ADDC5006FF808 /* Assets.xcassets in Resources */ = {isa = PBXBuildFile; fileRef = 1CEF1799208ADDC5006FF808 /* Assets.xcassets */; };
		1CEF179D208ADDC5006FF808 /* LaunchScreen.storyboard in Resources */ = {isa = PBXBuildFile; fileRef = 1CEF179B208ADDC5006FF808 /* LaunchScreen.storyboard */; };
		1CF17304209B4FE400B9B626 /* DartsGameStateManager.swift in Sources */ = {isa = PBXBuildFile; fileRef = 1CF17303209B4FE400B9B626 /* DartsGameStateManager.swift */; };
/* End PBXBuildFile section */

/* Begin PBXFileReference section */
		1C375D7420C4ABEF005ABF2C /* Logo.png */ = {isa = PBXFileReference; lastKnownFileType = image.png; path = Logo.png; sourceTree = SOURCE_ROOT; };
		1C89B4A6208C1C44006C02A0 /* SCNMatrix4Extensions.swift */ = {isa = PBXFileReference; lastKnownFileType = sourcecode.swift; path = SCNMatrix4Extensions.swift; sourceTree = "<group>"; };
		1C89B4A8208C20E2006C02A0 /* SCNVector3Extensions.swift */ = {isa = PBXFileReference; lastKnownFileType = sourcecode.swift; path = SCNVector3Extensions.swift; sourceTree = "<group>"; };
		1C89B4AA208C21C8006C02A0 /* SCNQuaternionExtensions.swift */ = {isa = PBXFileReference; lastKnownFileType = sourcecode.swift; path = SCNQuaternionExtensions.swift; sourceTree = "<group>"; };
		1C89B4AC208C2601006C02A0 /* dartboard.png */ = {isa = PBXFileReference; lastKnownFileType = image.png; path = dartboard.png; sourceTree = "<group>"; };
		1CEF178D208ADDC4006FF808 /* ARDarts.app */ = {isa = PBXFileReference; explicitFileType = wrapper.application; includeInIndex = 0; path = ARDarts.app; sourceTree = BUILT_PRODUCTS_DIR; };
		1CEF1790208ADDC4006FF808 /* AppDelegate.swift */ = {isa = PBXFileReference; lastKnownFileType = sourcecode.swift; path = AppDelegate.swift; sourceTree = "<group>"; };
		1CEF1792208ADDC4006FF808 /* art.scnassets */ = {isa = PBXFileReference; lastKnownFileType = wrapper.scnassets; path = art.scnassets; sourceTree = "<group>"; };
		1CEF1794208ADDC4006FF808 /* ViewController.swift */ = {isa = PBXFileReference; lastKnownFileType = sourcecode.swift; path = ViewController.swift; sourceTree = "<group>"; };
		1CEF1797208ADDC4006FF808 /* Base */ = {isa = PBXFileReference; lastKnownFileType = file.storyboard; name = Base; path = Base.lproj/Main.storyboard; sourceTree = "<group>"; };
		1CEF1799208ADDC5006FF808 /* Assets.xcassets */ = {isa = PBXFileReference; lastKnownFileType = folder.assetcatalog; path = Assets.xcassets; sourceTree = "<group>"; };
		1CEF179C208ADDC5006FF808 /* Base */ = {isa = PBXFileReference; lastKnownFileType = file.storyboard; name = Base; path = Base.lproj/LaunchScreen.storyboard; sourceTree = "<group>"; };
		1CEF179E208ADDC5006FF808 /* Info.plist */ = {isa = PBXFileReference; lastKnownFileType = text.plist.xml; path = Info.plist; sourceTree = "<group>"; };
		1CF17303209B4FE400B9B626 /* DartsGameStateManager.swift */ = {isa = PBXFileReference; lastKnownFileType = sourcecode.swift; path = DartsGameStateManager.swift; sourceTree = "<group>"; };
/* End PBXFileReference section */

/* Begin PBXFrameworksBuildPhase section */
		1CEF178A208ADDC4006FF808 /* Frameworks */ = {
			isa = PBXFrameworksBuildPhase;
			buildActionMask = 2147483647;
			files = (
			);
			runOnlyForDeploymentPostprocessing = 0;
		};
/* End PBXFrameworksBuildPhase section */

/* Begin PBXGroup section */
		1CEF1784208ADDC4006FF808 = {
			isa = PBXGroup;
			children = (
				1CEF178F208ADDC4006FF808 /* ARDarts */,
				1CEF178E208ADDC4006FF808 /* Products */,
			);
			sourceTree = "<group>";
		};
		1CEF178E208ADDC4006FF808 /* Products */ = {
			isa = PBXGroup;
			children = (
				1CEF178D208ADDC4006FF808 /* ARDarts.app */,
			);
			name = Products;
			sourceTree = "<group>";
		};
		1CEF178F208ADDC4006FF808 /* ARDarts */ = {
			isa = PBXGroup;
			children = (
				1C89B4A8208C20E2006C02A0 /* SCNVector3Extensions.swift */,
				1CEF1790208ADDC4006FF808 /* AppDelegate.swift */,
				1C89B4AC208C2601006C02A0 /* dartboard.png */,
				1C375D7420C4ABEF005ABF2C /* Logo.png */,
				1CEF1792208ADDC4006FF808 /* art.scnassets */,
				1CEF1794208ADDC4006FF808 /* ViewController.swift */,
				1CEF1796208ADDC4006FF808 /* Main.storyboard */,
				1CEF1799208ADDC5006FF808 /* Assets.xcassets */,
				1CEF179B208ADDC5006FF808 /* LaunchScreen.storyboard */,
				1CEF179E208ADDC5006FF808 /* Info.plist */,
				1C89B4A6208C1C44006C02A0 /* SCNMatrix4Extensions.swift */,
				1C89B4AA208C21C8006C02A0 /* SCNQuaternionExtensions.swift */,
				1CF17303209B4FE400B9B626 /* DartsGameStateManager.swift */,
			);
			path = ARDarts;
			sourceTree = "<group>";
		};
/* End PBXGroup section */

/* Begin PBXNativeTarget section */
		1CEF178C208ADDC4006FF808 /* ARDarts */ = {
			isa = PBXNativeTarget;
			buildConfigurationList = 1CEF17A1208ADDC5006FF808 /* Build configuration list for PBXNativeTarget "ARDarts" */;
			buildPhases = (
				1CEF1789208ADDC4006FF808 /* Sources */,
				1CEF178A208ADDC4006FF808 /* Frameworks */,
				1CEF178B208ADDC4006FF808 /* Resources */,
			);
			buildRules = (
			);
			dependencies = (
			);
			name = ARDarts;
			productName = ARDarts;
			productReference = 1CEF178D208ADDC4006FF808 /* ARDarts.app */;
			productType = "com.apple.product-type.application";
		};
/* End PBXNativeTarget section */

/* Begin PBXProject section */
		1CEF1785208ADDC4006FF808 /* Project object */ = {
			isa = PBXProject;
			attributes = {
				LastSwiftUpdateCheck = 0930;
				LastUpgradeCheck = 0930;
				ORGANIZATIONNAME = "Pramod Kotipalli";
				TargetAttributes = {
					1CEF178C208ADDC4006FF808 = {
						CreatedOnToolsVersion = 9.3;
					};
				};
			};
			buildConfigurationList = 1CEF1788208ADDC4006FF808 /* Build configuration list for PBXProject "ARDarts" */;
			compatibilityVersion = "Xcode 9.3";
			developmentRegion = en;
			hasScannedForEncodings = 0;
			knownRegions = (
				en,
				Base,
			);
			mainGroup = 1CEF1784208ADDC4006FF808;
			productRefGroup = 1CEF178E208ADDC4006FF808 /* Products */;
			projectDirPath = "";
			projectRoot = "";
			targets = (
				1CEF178C208ADDC4006FF808 /* ARDarts */,
			);
		};
/* End PBXProject section */

/* Begin PBXResourcesBuildPhase section */
		1CEF178B208ADDC4006FF808 /* Resources */ = {
			isa = PBXResourcesBuildPhase;
			buildActionMask = 2147483647;
			files = (
				1C375D7520C4ABEF005ABF2C /* Logo.png in Resources */,
				1CEF1793208ADDC4006FF808 /* art.scnassets in Resources */,
				1C89B4AD208C2601006C02A0 /* dartboard.png in Resources */,
				1CEF179D208ADDC5006FF808 /* LaunchScreen.storyboard in Resources */,
				1CEF179A208ADDC5006FF808 /* Assets.xcassets in Resources */,
				1CEF1798208ADDC4006FF808 /* Main.storyboard in Resources */,
			);
			runOnlyForDeploymentPostprocessing = 0;
		};
/* End PBXResourcesBuildPhase section */

/* Begin PBXSourcesBuildPhase section */
		1CEF1789208ADDC4006FF808 /* Sources */ = {
			isa = PBXSourcesBuildPhase;
			buildActionMask = 2147483647;
			files = (
				1CEF1795208ADDC4006FF808 /* ViewController.swift in Sources */,
				1C89B4AB208C21C8006C02A0 /* SCNQuaternionExtensions.swift in Sources */,
				1C89B4A7208C1C44006C02A0 /* SCNMatrix4Extensions.swift in Sources */,
				1CEF1791208ADDC4006FF808 /* AppDelegate.swift in Sources */,
				1CF17304209B4FE400B9B626 /* DartsGameStateManager.swift in Sources */,
				1C89B4A9208C20E2006C02A0 /* SCNVector3Extensions.swift in Sources */,
			);
			runOnlyForDeploymentPostprocessing = 0;
		};
/* End PBXSourcesBuildPhase section */

/* Begin PBXVariantGroup section */
		1CEF1796208ADDC4006FF808 /* Main.storyboard */ = {
			isa = PBXVariantGroup;
			children = (
				1CEF1797208ADDC4006FF808 /* Base */,
			);
			name = Main.storyboard;
			sourceTree = "<group>";
		};
		1CEF179B208ADDC5006FF808 /* LaunchScreen.storyboard */ = {
			isa = PBXVariantGroup;
			children = (
				1CEF179C208ADDC5006FF808 /* Base */,
			);
			name = LaunchScreen.storyboard;
			sourceTree = "<group>";
		};
/* End PBXVariantGroup section */

/* Begin XCBuildConfiguration section */
		1CEF179F208ADDC5006FF808 /* Debug */ = {
			isa = XCBuildConfiguration;
			buildSettings = {
				ALWAYS_SEARCH_USER_PATHS = NO;
				CLANG_ANALYZER_NONNULL = YES;
				CLANG_ANALYZER_NUMBER_OBJECT_CONVERSION = YES_AGGRESSIVE;
				CLANG_CXX_LANGUAGE_STANDARD = "gnu++14";
				CLANG_CXX_LIBRARY = "libc++";
				CLANG_ENABLE_MODULES = YES;
				CLANG_ENABLE_OBJC_ARC = YES;
				CLANG_ENABLE_OBJC_WEAK = YES;
				CLANG_WARN_BLOCK_CAPTURE_AUTORELEASING = YES;
				CLANG_WARN_BOOL_CONVERSION = YES;
				CLANG_WARN_COMMA = YES;
				CLANG_WARN_CONSTANT_CONVERSION = YES;
				CLANG_WARN_DEPRECATED_OBJC_IMPLEMENTATIONS = YES;
				CLANG_WARN_DIRECT_OBJC_ISA_USAGE = YES_ERROR;
				CLANG_WARN_DOCUMENTATION_COMMENTS = YES;
				CLANG_WARN_EMPTY_BODY = YES;
				CLANG_WARN_ENUM_CONVERSION = YES;
				CLANG_WARN_INFINITE_RECURSION = YES;
				CLANG_WARN_INT_CONVERSION = YES;
				CLANG_WARN_NON_LITERAL_NULL_CONVERSION = YES;
				CLANG_WARN_OBJC_IMPLICIT_RETAIN_SELF = YES;
				CLANG_WARN_OBJC_LITERAL_CONVERSION = YES;
				CLANG_WARN_OBJC_ROOT_CLASS = YES_ERROR;
				CLANG_WARN_RANGE_LOOP_ANALYSIS = YES;
				CLANG_WARN_STRICT_PROTOTYPES = YES;
				CLANG_WARN_SUSPICIOUS_MOVE = YES;
				CLANG_WARN_UNGUARDED_AVAILABILITY = YES_AGGRESSIVE;
				CLANG_WARN_UNREACHABLE_CODE = YES;
				CLANG_WARN__DUPLICATE_METHOD_MATCH = YES;
				CODE_SIGN_IDENTITY = "iPhone Developer";
				COPY_PHASE_STRIP = NO;
				DEBUG_INFORMATION_FORMAT = dwarf;
				ENABLE_STRICT_OBJC_MSGSEND = YES;
				ENABLE_TESTABILITY = YES;
				GCC_C_LANGUAGE_STANDARD = gnu11;
				GCC_DYNAMIC_NO_PIC = NO;
				GCC_NO_COMMON_BLOCKS = YES;
				GCC_OPTIMIZATION_LEVEL = 0;
				GCC_PREPROCESSOR_DEFINITIONS = (
					"DEBUG=1",
					"$(inherited)",
				);
				GCC_WARN_64_TO_32_BIT_CONVERSION = YES;
				GCC_WARN_ABOUT_RETURN_TYPE = YES_ERROR;
				GCC_WARN_UNDECLARED_SELECTOR = YES;
				GCC_WARN_UNINITIALIZED_AUTOS = YES_AGGRESSIVE;
				GCC_WARN_UNUSED_FUNCTION = YES;
				GCC_WARN_UNUSED_VARIABLE = YES;
				IPHONEOS_DEPLOYMENT_TARGET = 11.3;
				MTL_ENABLE_DEBUG_INFO = YES;
				ONLY_ACTIVE_ARCH = YES;
				SDKROOT = iphoneos;
				SWIFT_ACTIVE_COMPILATION_CONDITIONS = DEBUG;
				SWIFT_OPTIMIZATION_LEVEL = "-Onone";
			};
			name = Debug;
		};
		1CEF17A0208ADDC5006FF808 /* Release */ = {
			isa = XCBuildConfiguration;
			buildSettings = {
				ALWAYS_SEARCH_USER_PATHS = NO;
				CLANG_ANALYZER_NONNULL = YES;
				CLANG_ANALYZER_NUMBER_OBJECT_CONVERSION = YES_AGGRESSIVE;
				CLANG_CXX_LANGUAGE_STANDARD = "gnu++14";
				CLANG_CXX_LIBRARY = "libc++";
				CLANG_ENABLE_MODULES = YES;
				CLANG_ENABLE_OBJC_ARC = YES;
				CLANG_ENABLE_OBJC_WEAK = YES;
				CLANG_WARN_BLOCK_CAPTURE_AUTORELEASING = YES;
				CLANG_WARN_BOOL_CONVERSION = YES;
				CLANG_WARN_COMMA = YES;
				CLANG_WARN_CONSTANT_CONVERSION = YES;
				CLANG_WARN_DEPRECATED_OBJC_IMPLEMENTATIONS = YES;
				CLANG_WARN_DIRECT_OBJC_ISA_USAGE = YES_ERROR;
				CLANG_WARN_DOCUMENTATION_COMMENTS = YES;
				CLANG_WARN_EMPTY_BODY = YES;
				CLANG_WARN_ENUM_CONVERSION = YES;
				CLANG_WARN_INFINITE_RECURSION = YES;
				CLANG_WARN_INT_CONVERSION = YES;
				CLANG_WARN_NON_LITERAL_NULL_CONVERSION = YES;
				CLANG_WARN_OBJC_IMPLICIT_RETAIN_SELF = YES;
				CLANG_WARN_OBJC_LITERAL_CONVERSION = YES;
				CLANG_WARN_OBJC_ROOT_CLASS = YES_ERROR;
				CLANG_WARN_RANGE_LOOP_ANALYSIS = YES;
				CLANG_WARN_STRICT_PROTOTYPES = YES;
				CLANG_WARN_SUSPICIOUS_MOVE = YES;
				CLANG_WARN_UNGUARDED_AVAILABILITY = YES_AGGRESSIVE;
				CLANG_WARN_UNREACHABLE_CODE = YES;
				CLANG_WARN__DUPLICATE_METHOD_MATCH = YES;
				CODE_SIGN_IDENTITY = "iPhone Developer";
				COPY_PHASE_STRIP = NO;
				DEBUG_INFORMATION_FORMAT = "dwarf-with-dsym";
				ENABLE_NS_ASSERTIONS = NO;
				ENABLE_STRICT_OBJC_MSGSEND = YES;
				GCC_C_LANGUAGE_STANDARD = gnu11;
				GCC_NO_COMMON_BLOCKS = YES;
				GCC_WARN_64_TO_32_BIT_CONVERSION = YES;
				GCC_WARN_ABOUT_RETURN_TYPE = YES_ERROR;
				GCC_WARN_UNDECLARED_SELECTOR = YES;
				GCC_WARN_UNINITIALIZED_AUTOS = YES_AGGRESSIVE;
				GCC_WARN_UNUSED_FUNCTION = YES;
				GCC_WARN_UNUSED_VARIABLE = YES;
				IPHONEOS_DEPLOYMENT_TARGET = 11.3;
				MTL_ENABLE_DEBUG_INFO = NO;
				SDKROOT = iphoneos;
				SWIFT_COMPILATION_MODE = wholemodule;
				SWIFT_OPTIMIZATION_LEVEL = "-O";
				VALIDATE_PRODUCT = YES;
			};
			name = Release;
		};
		1CEF17A2208ADDC5006FF808 /* Debug */ = {
			isa = XCBuildConfiguration;
			buildSettings = {
				ASSETCATALOG_COMPILER_APPICON_NAME = AppIcon;
				CODE_SIGN_STYLE = Automatic;
				DEVELOPMENT_TEAM = 8A2R5M625L;
				INFOPLIST_FILE = ARDarts/Info.plist;
				LD_RUNPATH_SEARCH_PATHS = (
					"$(inherited)",
					"@executable_path/Frameworks",
				);
				PRODUCT_BUNDLE_IDENTIFIER = net.pramodk.ARDarts;
				PRODUCT_NAME = "$(TARGET_NAME)";
				SWIFT_VERSION = 4.0;
				TARGETED_DEVICE_FAMILY = "1,2";
			};
			name = Debug;
		};
		1CEF17A3208ADDC5006FF808 /* Release */ = {
			isa = XCBuildConfiguration;
			buildSettings = {
				ASSETCATALOG_COMPILER_APPICON_NAME = AppIcon;
				CODE_SIGN_STYLE = Automatic;
				DEVELOPMENT_TEAM = 8A2R5M625L;
				INFOPLIST_FILE = ARDarts/Info.plist;
				LD_RUNPATH_SEARCH_PATHS = (
					"$(inherited)",
					"@executable_path/Frameworks",
				);
				PRODUCT_BUNDLE_IDENTIFIER = net.pramodk.ARDarts;
				PRODUCT_NAME = "$(TARGET_NAME)";
				SWIFT_VERSION = 4.0;
				TARGETED_DEVICE_FAMILY = "1,2";
			};
			name = Release;
		};
/* End XCBuildConfiguration section */

/* Begin XCConfigurationList section */
		1CEF1788208ADDC4006FF808 /* Build configuration list for PBXProject "ARDarts" */ = {
			isa = XCConfigurationList;
			buildConfigurations = (
				1CEF179F208ADDC5006FF808 /* Debug */,
				1CEF17A0208ADDC5006FF808 /* Release */,
			);
			defaultConfigurationIsVisible = 0;
			defaultConfigurationName = Release;
		};
		1CEF17A1208ADDC5006FF808 /* Build configuration list for PBXNativeTarget "ARDarts" */ = {
			isa = XCConfigurationList;
			buildConfigurations = (
				1CEF17A2208ADDC5006FF808 /* Debug */,
				1CEF17A3208ADDC5006FF808 /* Release */,
			);
			defaultConfigurationIsVisible = 0;
			defaultConfigurationName = Release;
		};
/* End XCConfigurationList section */
	};
	rootObject = 1CEF1785208ADDC4006FF808 /* Project object */;
}
